// !$*UTF8*$!
{
	archiveVersion = 1;
	classes = {
	};
	objectVersion = 56;
	objects = {

/* Begin PBXBuildFile section */
		AB22989B29D5B73F008F71A2 /* DuckApp.swift in Sources */ = {isa = PBXBuildFile; fileRef = AB22989A29D5B73F008F71A2 /* DuckApp.swift */; };
		AB22989D29D5B73F008F71A2 /* ContentView.swift in Sources */ = {isa = PBXBuildFile; fileRef = AB22989C29D5B73F008F71A2 /* ContentView.swift */; };
		AB22989F29D5B73F008F71A2 /* Assets.xcassets in Resources */ = {isa = PBXBuildFile; fileRef = AB22989E29D5B73F008F71A2 /* Assets.xcassets */; };
		AB2298A329D5B73F008F71A2 /* Preview Assets.xcassets in Resources */ = {isa = PBXBuildFile; fileRef = AB2298A229D5B73F008F71A2 /* Preview Assets.xcassets */; };
		AB2298AD29D5B73F008F71A2 /* DuckTests.swift in Sources */ = {isa = PBXBuildFile; fileRef = AB2298AC29D5B73F008F71A2 /* DuckTests.swift */; };
		AB2298B729D5B73F008F71A2 /* DuckUITests.swift in Sources */ = {isa = PBXBuildFile; fileRef = AB2298B629D5B73F008F71A2 /* DuckUITests.swift */; };
		AB2298B929D5B73F008F71A2 /* DuckUITestsLaunchTests.swift in Sources */ = {isa = PBXBuildFile; fileRef = AB2298B829D5B73F008F71A2 /* DuckUITestsLaunchTests.swift */; };
		AB2298C629D5C80F008F71A2 /* quack.MP3 in Resources */ = {isa = PBXBuildFile; fileRef = AB2298C529D5C80F008F71A2 /* quack.MP3 */; };
		AB24668829DC4725009B1263 /* TapCounter.swift in Sources */ = {isa = PBXBuildFile; fileRef = AB24668729DC4725009B1263 /* TapCounter.swift */; };
		AB3591C52A168D010049094E /* Save.swift in Sources */ = {isa = PBXBuildFile; fileRef = AB3591C42A168D010049094E /* Save.swift */; };
		AB4F1D132A16588C00DD9EF7 /* QUACK3.mp3 in Resources */ = {isa = PBXBuildFile; fileRef = AB4F1D122A16588C00DD9EF7 /* QUACK3.mp3 */; };
		AB4F391C2A1BBC5000D8724D /* AudioPlayer.swift in Sources */ = {isa = PBXBuildFile; fileRef = AB4F391B2A1BBC5000D8724D /* AudioPlayer.swift */; };
		ABACA8E92A3B377000C1B90B /* selectDuck.swift in Sources */ = {isa = PBXBuildFile; fileRef = ABACA8E82A3B377000C1B90B /* selectDuck.swift */; };
		ABDB4C002A150DCB00CEFB5C /* Dizzy_DuckExtension.swift in Sources */ = {isa = PBXBuildFile; fileRef = ABDB4BFF2A150DCB00CEFB5C /* Dizzy_DuckExtension.swift */; };
		ABDB4C022A150DCB00CEFB5C /* Dizzy_Duck.swift in Sources */ = {isa = PBXBuildFile; fileRef = ABDB4C012A150DCB00CEFB5C /* Dizzy_Duck.swift */; };
/* End PBXBuildFile section */

/* Begin PBXContainerItemProxy section */
		AB2298A929D5B73F008F71A2 /* PBXContainerItemProxy */ = {
			isa = PBXContainerItemProxy;
			containerPortal = AB22988F29D5B73F008F71A2 /* Project object */;
			proxyType = 1;
			remoteGlobalIDString = AB22989629D5B73F008F71A2;
			remoteInfo = Duck;
		};
		AB2298B329D5B73F008F71A2 /* PBXContainerItemProxy */ = {
			isa = PBXContainerItemProxy;
			containerPortal = AB22988F29D5B73F008F71A2 /* Project object */;
			proxyType = 1;
			remoteGlobalIDString = AB22989629D5B73F008F71A2;
			remoteInfo = Duck;
		};
/* End PBXContainerItemProxy section */

/* Begin PBXFileReference section */
		AB22989729D5B73F008F71A2 /* Duck.app */ = {isa = PBXFileReference; explicitFileType = wrapper.application; includeInIndex = 0; path = Duck.app; sourceTree = BUILT_PRODUCTS_DIR; };
		AB22989A29D5B73F008F71A2 /* DuckApp.swift */ = {isa = PBXFileReference; lastKnownFileType = sourcecode.swift; path = DuckApp.swift; sourceTree = "<group>"; };
		AB22989C29D5B73F008F71A2 /* ContentView.swift */ = {isa = PBXFileReference; lastKnownFileType = sourcecode.swift; path = ContentView.swift; sourceTree = "<group>"; };
		AB22989E29D5B73F008F71A2 /* Assets.xcassets */ = {isa = PBXFileReference; lastKnownFileType = folder.assetcatalog; path = Assets.xcassets; sourceTree = "<group>"; };
		AB2298A029D5B73F008F71A2 /* Duck.entitlements */ = {isa = PBXFileReference; lastKnownFileType = text.plist.entitlements; path = Duck.entitlements; sourceTree = "<group>"; };
		AB2298A229D5B73F008F71A2 /* Preview Assets.xcassets */ = {isa = PBXFileReference; lastKnownFileType = folder.assetcatalog; path = "Preview Assets.xcassets"; sourceTree = "<group>"; };
		AB2298A829D5B73F008F71A2 /* DuckTests.xctest */ = {isa = PBXFileReference; explicitFileType = wrapper.cfbundle; includeInIndex = 0; path = DuckTests.xctest; sourceTree = BUILT_PRODUCTS_DIR; };
		AB2298AC29D5B73F008F71A2 /* DuckTests.swift */ = {isa = PBXFileReference; lastKnownFileType = sourcecode.swift; path = DuckTests.swift; sourceTree = "<group>"; };
		AB2298B229D5B73F008F71A2 /* DuckUITests.xctest */ = {isa = PBXFileReference; explicitFileType = wrapper.cfbundle; includeInIndex = 0; path = DuckUITests.xctest; sourceTree = BUILT_PRODUCTS_DIR; };
		AB2298B629D5B73F008F71A2 /* DuckUITests.swift */ = {isa = PBXFileReference; lastKnownFileType = sourcecode.swift; path = DuckUITests.swift; sourceTree = "<group>"; };
		AB2298B829D5B73F008F71A2 /* DuckUITestsLaunchTests.swift */ = {isa = PBXFileReference; lastKnownFileType = sourcecode.swift; path = DuckUITestsLaunchTests.swift; sourceTree = "<group>"; };
		AB2298C529D5C80F008F71A2 /* quack.MP3 */ = {isa = PBXFileReference; lastKnownFileType = audio.mp3; path = quack.MP3; sourceTree = "<group>"; };
		AB24668729DC4725009B1263 /* TapCounter.swift */ = {isa = PBXFileReference; lastKnownFileType = sourcecode.swift; path = TapCounter.swift; sourceTree = "<group>"; };
		AB3591C42A168D010049094E /* Save.swift */ = {isa = PBXFileReference; lastKnownFileType = sourcecode.swift; path = Save.swift; sourceTree = "<group>"; };
		AB4F1D0F2A16551D00DD9EF7 /* quack2.aif */ = {isa = PBXFileReference; lastKnownFileType = file; path = quack2.aif; sourceTree = "<group>"; };
		AB4F1D122A16588C00DD9EF7 /* QUACK3.mp3 */ = {isa = PBXFileReference; lastKnownFileType = audio.mp3; path = QUACK3.mp3; sourceTree = "<group>"; };
		AB4F391B2A1BBC5000D8724D /* AudioPlayer.swift */ = {isa = PBXFileReference; lastKnownFileType = sourcecode.swift; path = AudioPlayer.swift; sourceTree = "<group>"; };
		ABACA8E82A3B377000C1B90B /* selectDuck.swift */ = {isa = PBXFileReference; lastKnownFileType = sourcecode.swift; path = selectDuck.swift; sourceTree = "<group>"; };
		ABDB4BFD2A150DCB00CEFB5C /* Dizzy Duck.appex */ = {isa = PBXFileReference; explicitFileType = "wrapper.extensionkit-extension"; includeInIndex = 0; path = "Dizzy Duck.appex"; sourceTree = BUILT_PRODUCTS_DIR; };
		ABDB4BFF2A150DCB00CEFB5C /* Dizzy_DuckExtension.swift */ = {isa = PBXFileReference; lastKnownFileType = sourcecode.swift; path = Dizzy_DuckExtension.swift; sourceTree = "<group>"; };
		ABDB4C012A150DCB00CEFB5C /* Dizzy_Duck.swift */ = {isa = PBXFileReference; lastKnownFileType = sourcecode.swift; path = Dizzy_Duck.swift; sourceTree = "<group>"; };
		ABDB4C032A150DCB00CEFB5C /* Info.plist */ = {isa = PBXFileReference; lastKnownFileType = text.plist.xml; path = Info.plist; sourceTree = "<group>"; };
/* End PBXFileReference section */

/* Begin PBXFrameworksBuildPhase section */
		AB22989429D5B73F008F71A2 /* Frameworks */ = {
			isa = PBXFrameworksBuildPhase;
			buildActionMask = 2147483647;
			files = (
			);
			runOnlyForDeploymentPostprocessing = 0;
		};
		AB2298A529D5B73F008F71A2 /* Frameworks */ = {
			isa = PBXFrameworksBuildPhase;
			buildActionMask = 2147483647;
			files = (
			);
			runOnlyForDeploymentPostprocessing = 0;
		};
		AB2298AF29D5B73F008F71A2 /* Frameworks */ = {
			isa = PBXFrameworksBuildPhase;
			buildActionMask = 2147483647;
			files = (
			);
			runOnlyForDeploymentPostprocessing = 0;
		};
		ABDB4BFA2A150DCB00CEFB5C /* Frameworks */ = {
			isa = PBXFrameworksBuildPhase;
			buildActionMask = 2147483647;
			files = (
			);
			runOnlyForDeploymentPostprocessing = 0;
		};
/* End PBXFrameworksBuildPhase section */

/* Begin PBXGroup section */
		AB22988E29D5B73F008F71A2 = {
			isa = PBXGroup;
			children = (
				AB4F391B2A1BBC5000D8724D /* AudioPlayer.swift */,
				AB22989929D5B73F008F71A2 /* Duck */,
				AB2298AB29D5B73F008F71A2 /* DuckTests */,
				AB2298B529D5B73F008F71A2 /* DuckUITests */,
				ABDB4BFE2A150DCB00CEFB5C /* Dizzy Duck */,
				AB22989829D5B73F008F71A2 /* Products */,
			);
			sourceTree = "<group>";
		};
		AB22989829D5B73F008F71A2 /* Products */ = {
			isa = PBXGroup;
			children = (
				AB22989729D5B73F008F71A2 /* Duck.app */,
				AB2298A829D5B73F008F71A2 /* DuckTests.xctest */,
				AB2298B229D5B73F008F71A2 /* DuckUITests.xctest */,
				ABDB4BFD2A150DCB00CEFB5C /* Dizzy Duck.appex */,
			);
			name = Products;
			sourceTree = "<group>";
		};
		AB22989929D5B73F008F71A2 /* Duck */ = {
			isa = PBXGroup;
			children = (
				AB22989A29D5B73F008F71A2 /* DuckApp.swift */,
				AB22989C29D5B73F008F71A2 /* ContentView.swift */,
				AB24668729DC4725009B1263 /* TapCounter.swift */,
				AB3591C42A168D010049094E /* Save.swift */,
				ABACA8E82A3B377000C1B90B /* selectDuck.swift */,
				AB2298C729D5C90F008F71A2 /* Sounds */,
				AB22989E29D5B73F008F71A2 /* Assets.xcassets */,
				AB2298A029D5B73F008F71A2 /* Duck.entitlements */,
				AB2298A129D5B73F008F71A2 /* Preview Content */,
			);
			path = Duck;
			sourceTree = "<group>";
		};
		AB2298A129D5B73F008F71A2 /* Preview Content */ = {
			isa = PBXGroup;
			children = (
				AB2298A229D5B73F008F71A2 /* Preview Assets.xcassets */,
			);
			path = "Preview Content";
			sourceTree = "<group>";
		};
		AB2298AB29D5B73F008F71A2 /* DuckTests */ = {
			isa = PBXGroup;
			children = (
				AB2298AC29D5B73F008F71A2 /* DuckTests.swift */,
			);
			path = DuckTests;
			sourceTree = "<group>";
		};
		AB2298B529D5B73F008F71A2 /* DuckUITests */ = {
			isa = PBXGroup;
			children = (
				AB2298B629D5B73F008F71A2 /* DuckUITests.swift */,
				AB2298B829D5B73F008F71A2 /* DuckUITestsLaunchTests.swift */,
			);
			path = DuckUITests;
			sourceTree = "<group>";
		};
		AB2298C729D5C90F008F71A2 /* Sounds */ = {
			isa = PBXGroup;
			children = (
				AB2298C529D5C80F008F71A2 /* quack.MP3 */,
				AB4F1D122A16588C00DD9EF7 /* QUACK3.mp3 */,
				AB4F1D0F2A16551D00DD9EF7 /* quack2.aif */,
			);
			path = Sounds;
			sourceTree = "<group>";
		};
		ABDB4BFE2A150DCB00CEFB5C /* Dizzy Duck */ = {
			isa = PBXGroup;
			children = (
				ABDB4BFF2A150DCB00CEFB5C /* Dizzy_DuckExtension.swift */,
				ABDB4C012A150DCB00CEFB5C /* Dizzy_Duck.swift */,
				ABDB4C032A150DCB00CEFB5C /* Info.plist */,
			);
			path = "Dizzy Duck";
			sourceTree = "<group>";
		};
/* End PBXGroup section */

/* Begin PBXNativeTarget section */
		AB22989629D5B73F008F71A2 /* Duck */ = {
			isa = PBXNativeTarget;
			buildConfigurationList = AB2298BC29D5B73F008F71A2 /* Build configuration list for PBXNativeTarget "Duck" */;
			buildPhases = (
				AB22989329D5B73F008F71A2 /* Sources */,
				AB22989429D5B73F008F71A2 /* Frameworks */,
				AB22989529D5B73F008F71A2 /* Resources */,
			);
			buildRules = (
			);
			dependencies = (
			);
			name = Duck;
			productName = Duck;
			productReference = AB22989729D5B73F008F71A2 /* Duck.app */;
			productType = "com.apple.product-type.application";
		};
		AB2298A729D5B73F008F71A2 /* DuckTests */ = {
			isa = PBXNativeTarget;
			buildConfigurationList = AB2298BF29D5B73F008F71A2 /* Build configuration list for PBXNativeTarget "DuckTests" */;
			buildPhases = (
				AB2298A429D5B73F008F71A2 /* Sources */,
				AB2298A529D5B73F008F71A2 /* Frameworks */,
				AB2298A629D5B73F008F71A2 /* Resources */,
			);
			buildRules = (
			);
			dependencies = (
				AB2298AA29D5B73F008F71A2 /* PBXTargetDependency */,
			);
			name = DuckTests;
			productName = DuckTests;
			productReference = AB2298A829D5B73F008F71A2 /* DuckTests.xctest */;
			productType = "com.apple.product-type.bundle.unit-test";
		};
		AB2298B129D5B73F008F71A2 /* DuckUITests */ = {
			isa = PBXNativeTarget;
			buildConfigurationList = AB2298C229D5B73F008F71A2 /* Build configuration list for PBXNativeTarget "DuckUITests" */;
			buildPhases = (
				AB2298AE29D5B73F008F71A2 /* Sources */,
				AB2298AF29D5B73F008F71A2 /* Frameworks */,
				AB2298B029D5B73F008F71A2 /* Resources */,
			);
			buildRules = (
			);
			dependencies = (
				AB2298B429D5B73F008F71A2 /* PBXTargetDependency */,
			);
			name = DuckUITests;
			productName = DuckUITests;
			productReference = AB2298B229D5B73F008F71A2 /* DuckUITests.xctest */;
			productType = "com.apple.product-type.bundle.ui-testing";
		};
		ABDB4BFC2A150DCB00CEFB5C /* Dizzy Duck */ = {
			isa = PBXNativeTarget;
			buildConfigurationList = ABDB4C062A150DCB00CEFB5C /* Build configuration list for PBXNativeTarget "Dizzy Duck" */;
			buildPhases = (
				ABDB4BF92A150DCB00CEFB5C /* Sources */,
				ABDB4BFA2A150DCB00CEFB5C /* Frameworks */,
				ABDB4BFB2A150DCB00CEFB5C /* Resources */,
			);
			buildRules = (
			);
			dependencies = (
			);
			name = "Dizzy Duck";
			productName = "Dizzy Duck";
			productReference = ABDB4BFD2A150DCB00CEFB5C /* Dizzy Duck.appex */;
			productType = "com.apple.product-type.extensionkit-extension";
		};
/* End PBXNativeTarget section */

/* Begin PBXProject section */
		AB22988F29D5B73F008F71A2 /* Project object */ = {
			isa = PBXProject;
			attributes = {
				BuildIndependentTargetsInParallel = 1;
				LastSwiftUpdateCheck = 1430;
				LastUpgradeCheck = 1500;
				TargetAttributes = {
					AB22989629D5B73F008F71A2 = {
						CreatedOnToolsVersion = 14.2;
					};
					AB2298A729D5B73F008F71A2 = {
						CreatedOnToolsVersion = 14.2;
						TestTargetID = AB22989629D5B73F008F71A2;
					};
					AB2298B129D5B73F008F71A2 = {
						CreatedOnToolsVersion = 14.2;
						TestTargetID = AB22989629D5B73F008F71A2;
					};
					ABDB4BFC2A150DCB00CEFB5C = {
						CreatedOnToolsVersion = 14.3;
					};
				};
			};
			buildConfigurationList = AB22989229D5B73F008F71A2 /* Build configuration list for PBXProject "Duck" */;
			compatibilityVersion = "Xcode 14.0";
			developmentRegion = en;
			hasScannedForEncodings = 0;
			knownRegions = (
				en,
				Base,
			);
			mainGroup = AB22988E29D5B73F008F71A2;
			productRefGroup = AB22989829D5B73F008F71A2 /* Products */;
			projectDirPath = "";
			projectRoot = "";
			targets = (
				AB22989629D5B73F008F71A2 /* Duck */,
				AB2298A729D5B73F008F71A2 /* DuckTests */,
				AB2298B129D5B73F008F71A2 /* DuckUITests */,
				ABDB4BFC2A150DCB00CEFB5C /* Dizzy Duck */,
			);
		};
/* End PBXProject section */

/* Begin PBXResourcesBuildPhase section */
		AB22989529D5B73F008F71A2 /* Resources */ = {
			isa = PBXResourcesBuildPhase;
			buildActionMask = 2147483647;
			files = (
				AB4F1D132A16588C00DD9EF7 /* QUACK3.mp3 in Resources */,
				AB2298A329D5B73F008F71A2 /* Preview Assets.xcassets in Resources */,
				AB22989F29D5B73F008F71A2 /* Assets.xcassets in Resources */,
				AB2298C629D5C80F008F71A2 /* quack.MP3 in Resources */,
			);
			runOnlyForDeploymentPostprocessing = 0;
		};
		AB2298A629D5B73F008F71A2 /* Resources */ = {
			isa = PBXResourcesBuildPhase;
			buildActionMask = 2147483647;
			files = (
			);
			runOnlyForDeploymentPostprocessing = 0;
		};
		AB2298B029D5B73F008F71A2 /* Resources */ = {
			isa = PBXResourcesBuildPhase;
			buildActionMask = 2147483647;
			files = (
			);
			runOnlyForDeploymentPostprocessing = 0;
		};
		ABDB4BFB2A150DCB00CEFB5C /* Resources */ = {
			isa = PBXResourcesBuildPhase;
			buildActionMask = 2147483647;
			files = (
			);
			runOnlyForDeploymentPostprocessing = 0;
		};
/* End PBXResourcesBuildPhase section */

/* Begin PBXSourcesBuildPhase section */
		AB22989329D5B73F008F71A2 /* Sources */ = {
			isa = PBXSourcesBuildPhase;
			buildActionMask = 2147483647;
			files = (
				AB3591C52A168D010049094E /* Save.swift in Sources */,
				AB24668829DC4725009B1263 /* TapCounter.swift in Sources */,
				AB4F391C2A1BBC5000D8724D /* AudioPlayer.swift in Sources */,
				AB22989D29D5B73F008F71A2 /* ContentView.swift in Sources */,
				ABACA8E92A3B377000C1B90B /* selectDuck.swift in Sources */,
				AB22989B29D5B73F008F71A2 /* DuckApp.swift in Sources */,
			);
			runOnlyForDeploymentPostprocessing = 0;
		};
		AB2298A429D5B73F008F71A2 /* Sources */ = {
			isa = PBXSourcesBuildPhase;
			buildActionMask = 2147483647;
			files = (
				AB2298AD29D5B73F008F71A2 /* DuckTests.swift in Sources */,
			);
			runOnlyForDeploymentPostprocessing = 0;
		};
		AB2298AE29D5B73F008F71A2 /* Sources */ = {
			isa = PBXSourcesBuildPhase;
			buildActionMask = 2147483647;
			files = (
				AB2298B729D5B73F008F71A2 /* DuckUITests.swift in Sources */,
				AB2298B929D5B73F008F71A2 /* DuckUITestsLaunchTests.swift in Sources */,
			);
			runOnlyForDeploymentPostprocessing = 0;
		};
		ABDB4BF92A150DCB00CEFB5C /* Sources */ = {
			isa = PBXSourcesBuildPhase;
			buildActionMask = 2147483647;
			files = (
				ABDB4C002A150DCB00CEFB5C /* Dizzy_DuckExtension.swift in Sources */,
				ABDB4C022A150DCB00CEFB5C /* Dizzy_Duck.swift in Sources */,
			);
			runOnlyForDeploymentPostprocessing = 0;
		};
/* End PBXSourcesBuildPhase section */

/* Begin PBXTargetDependency section */
		AB2298AA29D5B73F008F71A2 /* PBXTargetDependency */ = {
			isa = PBXTargetDependency;
			target = AB22989629D5B73F008F71A2 /* Duck */;
			targetProxy = AB2298A929D5B73F008F71A2 /* PBXContainerItemProxy */;
		};
		AB2298B429D5B73F008F71A2 /* PBXTargetDependency */ = {
			isa = PBXTargetDependency;
			target = AB22989629D5B73F008F71A2 /* Duck */;
			targetProxy = AB2298B329D5B73F008F71A2 /* PBXContainerItemProxy */;
		};
/* End PBXTargetDependency section */

/* Begin XCBuildConfiguration section */
		AB2298BA29D5B73F008F71A2 /* Debug */ = {
			isa = XCBuildConfiguration;
			buildSettings = {
				ALWAYS_SEARCH_USER_PATHS = NO;
				ASSETCATALOG_COMPILER_GENERATE_SWIFT_ASSET_SYMBOL_EXTENSIONS = YES;
				CLANG_ANALYZER_NONNULL = YES;
				CLANG_ANALYZER_NUMBER_OBJECT_CONVERSION = YES_AGGRESSIVE;
				CLANG_CXX_LANGUAGE_STANDARD = "gnu++20";
				CLANG_ENABLE_MODULES = YES;
				CLANG_ENABLE_OBJC_ARC = YES;
				CLANG_ENABLE_OBJC_WEAK = YES;
				CLANG_WARN_BLOCK_CAPTURE_AUTORELEASING = YES;
				CLANG_WARN_BOOL_CONVERSION = YES;
				CLANG_WARN_COMMA = YES;
				CLANG_WARN_CONSTANT_CONVERSION = YES;
				CLANG_WARN_DEPRECATED_OBJC_IMPLEMENTATIONS = YES;
				CLANG_WARN_DIRECT_OBJC_ISA_USAGE = YES_ERROR;
				CLANG_WARN_DOCUMENTATION_COMMENTS = YES;
				CLANG_WARN_EMPTY_BODY = YES;
				CLANG_WARN_ENUM_CONVERSION = YES;
				CLANG_WARN_INFINITE_RECURSION = YES;
				CLANG_WARN_INT_CONVERSION = YES;
				CLANG_WARN_NON_LITERAL_NULL_CONVERSION = YES;
				CLANG_WARN_OBJC_IMPLICIT_RETAIN_SELF = YES;
				CLANG_WARN_OBJC_LITERAL_CONVERSION = YES;
				CLANG_WARN_OBJC_ROOT_CLASS = YES_ERROR;
				CLANG_WARN_QUOTED_INCLUDE_IN_FRAMEWORK_HEADER = YES;
				CLANG_WARN_RANGE_LOOP_ANALYSIS = YES;
				CLANG_WARN_STRICT_PROTOTYPES = YES;
				CLANG_WARN_SUSPICIOUS_MOVE = YES;
				CLANG_WARN_UNGUARDED_AVAILABILITY = YES_AGGRESSIVE;
				CLANG_WARN_UNREACHABLE_CODE = YES;
				CLANG_WARN__DUPLICATE_METHOD_MATCH = YES;
				COPY_PHASE_STRIP = NO;
				DEAD_CODE_STRIPPING = YES;
				DEBUG_INFORMATION_FORMAT = dwarf;
				ENABLE_STRICT_OBJC_MSGSEND = YES;
				ENABLE_TESTABILITY = YES;
				ENABLE_USER_SCRIPT_SANDBOXING = YES;
				GCC_C_LANGUAGE_STANDARD = gnu11;
				GCC_DYNAMIC_NO_PIC = NO;
				GCC_NO_COMMON_BLOCKS = YES;
				GCC_OPTIMIZATION_LEVEL = 0;
				GCC_PREPROCESSOR_DEFINITIONS = (
					"DEBUG=1",
					"$(inherited)",
				);
				GCC_WARN_64_TO_32_BIT_CONVERSION = YES;
				GCC_WARN_ABOUT_RETURN_TYPE = YES_ERROR;
				GCC_WARN_UNDECLARED_SELECTOR = YES;
				GCC_WARN_UNINITIALIZED_AUTOS = YES_AGGRESSIVE;
				GCC_WARN_UNUSED_FUNCTION = YES;
				GCC_WARN_UNUSED_VARIABLE = YES;
				MTL_ENABLE_DEBUG_INFO = INCLUDE_SOURCE;
				MTL_FAST_MATH = YES;
				ONLY_ACTIVE_ARCH = YES;
				SWIFT_ACTIVE_COMPILATION_CONDITIONS = DEBUG;
				SWIFT_OPTIMIZATION_LEVEL = "-Onone";
			};
			name = Debug;
		};
		AB2298BB29D5B73F008F71A2 /* Release */ = {
			isa = XCBuildConfiguration;
			buildSettings = {
				ALWAYS_SEARCH_USER_PATHS = NO;
				ASSETCATALOG_COMPILER_GENERATE_SWIFT_ASSET_SYMBOL_EXTENSIONS = YES;
				CLANG_ANALYZER_NONNULL = YES;
				CLANG_ANALYZER_NUMBER_OBJECT_CONVERSION = YES_AGGRESSIVE;
				CLANG_CXX_LANGUAGE_STANDARD = "gnu++20";
				CLANG_ENABLE_MODULES = YES;
				CLANG_ENABLE_OBJC_ARC = YES;
				CLANG_ENABLE_OBJC_WEAK = YES;
				CLANG_WARN_BLOCK_CAPTURE_AUTORELEASING = YES;
				CLANG_WARN_BOOL_CONVERSION = YES;
				CLANG_WARN_COMMA = YES;
				CLANG_WARN_CONSTANT_CONVERSION = YES;
				CLANG_WARN_DEPRECATED_OBJC_IMPLEMENTATIONS = YES;
				CLANG_WARN_DIRECT_OBJC_ISA_USAGE = YES_ERROR;
				CLANG_WARN_DOCUMENTATION_COMMENTS = YES;
				CLANG_WARN_EMPTY_BODY = YES;
				CLANG_WARN_ENUM_CONVERSION = YES;
				CLANG_WARN_INFINITE_RECURSION = YES;
				CLANG_WARN_INT_CONVERSION = YES;
				CLANG_WARN_NON_LITERAL_NULL_CONVERSION = YES;
				CLANG_WARN_OBJC_IMPLICIT_RETAIN_SELF = YES;
				CLANG_WARN_OBJC_LITERAL_CONVERSION = YES;
				CLANG_WARN_OBJC_ROOT_CLASS = YES_ERROR;
				CLANG_WARN_QUOTED_INCLUDE_IN_FRAMEWORK_HEADER = YES;
				CLANG_WARN_RANGE_LOOP_ANALYSIS = YES;
				CLANG_WARN_STRICT_PROTOTYPES = YES;
				CLANG_WARN_SUSPICIOUS_MOVE = YES;
				CLANG_WARN_UNGUARDED_AVAILABILITY = YES_AGGRESSIVE;
				CLANG_WARN_UNREACHABLE_CODE = YES;
				CLANG_WARN__DUPLICATE_METHOD_MATCH = YES;
				COPY_PHASE_STRIP = NO;
				DEAD_CODE_STRIPPING = YES;
				DEBUG_INFORMATION_FORMAT = "dwarf-with-dsym";
				ENABLE_NS_ASSERTIONS = NO;
				ENABLE_STRICT_OBJC_MSGSEND = YES;
				ENABLE_USER_SCRIPT_SANDBOXING = YES;
				GCC_C_LANGUAGE_STANDARD = gnu11;
				GCC_NO_COMMON_BLOCKS = YES;
				GCC_WARN_64_TO_32_BIT_CONVERSION = YES;
				GCC_WARN_ABOUT_RETURN_TYPE = YES_ERROR;
				GCC_WARN_UNDECLARED_SELECTOR = YES;
				GCC_WARN_UNINITIALIZED_AUTOS = YES_AGGRESSIVE;
				GCC_WARN_UNUSED_FUNCTION = YES;
				GCC_WARN_UNUSED_VARIABLE = YES;
				MTL_ENABLE_DEBUG_INFO = NO;
				MTL_FAST_MATH = YES;
				SWIFT_COMPILATION_MODE = wholemodule;
				SWIFT_OPTIMIZATION_LEVEL = "-O";
			};
			name = Release;
		};
		AB2298BD29D5B73F008F71A2 /* Debug */ = {
			isa = XCBuildConfiguration;
			buildSettings = {
				ASSETCATALOG_COMPILER_APPICON_NAME = AppIcon;
				ASSETCATALOG_COMPILER_GLOBAL_ACCENT_COLOR_NAME = AccentColor;
				CODE_SIGN_ENTITLEMENTS = Duck/Duck.entitlements;
				CODE_SIGN_STYLE = Automatic;
				CURRENT_PROJECT_VERSION = 4;
				DEAD_CODE_STRIPPING = YES;
				DEVELOPMENT_ASSET_PATHS = "\"Duck/Preview Content\"";
				DEVELOPMENT_TEAM = 4N5T88HBZL;
				ENABLE_HARDENED_RUNTIME = YES;
				ENABLE_PREVIEWS = YES;
				GENERATE_INFOPLIST_FILE = YES;
				INFOPLIST_KEY_CFBundleDisplayName = "Dizzy Duck";
				"INFOPLIST_KEY_UIApplicationSceneManifest_Generation[sdk=iphoneos*]" = YES;
				"INFOPLIST_KEY_UIApplicationSceneManifest_Generation[sdk=iphonesimulator*]" = YES;
				"INFOPLIST_KEY_UIApplicationSupportsIndirectInputEvents[sdk=iphoneos*]" = YES;
				"INFOPLIST_KEY_UIApplicationSupportsIndirectInputEvents[sdk=iphonesimulator*]" = YES;
				"INFOPLIST_KEY_UILaunchScreen_Generation[sdk=iphoneos*]" = YES;
				"INFOPLIST_KEY_UILaunchScreen_Generation[sdk=iphonesimulator*]" = YES;
				"INFOPLIST_KEY_UIStatusBarStyle[sdk=iphoneos*]" = UIStatusBarStyleDefault;
				"INFOPLIST_KEY_UIStatusBarStyle[sdk=iphonesimulator*]" = UIStatusBarStyleDefault;
				INFOPLIST_KEY_UISupportedInterfaceOrientations_iPad = "UIInterfaceOrientationPortrait UIInterfaceOrientationPortraitUpsideDown UIInterfaceOrientationLandscapeLeft UIInterfaceOrientationLandscapeRight";
				INFOPLIST_KEY_UISupportedInterfaceOrientations_iPhone = "UIInterfaceOrientationPortrait UIInterfaceOrientationLandscapeLeft UIInterfaceOrientationLandscapeRight";
				IPHONEOS_DEPLOYMENT_TARGET = 16.2;
				LD_RUNPATH_SEARCH_PATHS = "@executable_path/Frameworks";
				"LD_RUNPATH_SEARCH_PATHS[sdk=macosx*]" = "@executable_path/../Frameworks";
				MACOSX_DEPLOYMENT_TARGET = 13.1;
				MARKETING_VERSION = 0.1.2;
				PRODUCT_BUNDLE_IDENTIFIER = com.dukeholsing.dizzyDuck;
				PRODUCT_NAME = "$(TARGET_NAME)";
				SDKROOT = auto;
				SUPPORTED_PLATFORMS = "iphoneos iphonesimulator macosx";
				SWIFT_EMIT_LOC_STRINGS = YES;
				SWIFT_VERSION = 5.0;
				TARGETED_DEVICE_FAMILY = "1,2";
			};
			name = Debug;
		};
		AB2298BE29D5B73F008F71A2 /* Release */ = {
			isa = XCBuildConfiguration;
			buildSettings = {
				ASSETCATALOG_COMPILER_APPICON_NAME = AppIcon;
				ASSETCATALOG_COMPILER_GLOBAL_ACCENT_COLOR_NAME = AccentColor;
				CODE_SIGN_ENTITLEMENTS = Duck/Duck.entitlements;
				CODE_SIGN_STYLE = Automatic;
				CURRENT_PROJECT_VERSION = 4;
				DEAD_CODE_STRIPPING = YES;
				DEVELOPMENT_ASSET_PATHS = "\"Duck/Preview Content\"";
				DEVELOPMENT_TEAM = 4N5T88HBZL;
				ENABLE_HARDENED_RUNTIME = YES;
				ENABLE_PREVIEWS = YES;
				GENERATE_INFOPLIST_FILE = YES;
				INFOPLIST_KEY_CFBundleDisplayName = "Dizzy Duck";
				"INFOPLIST_KEY_UIApplicationSceneManifest_Generation[sdk=iphoneos*]" = YES;
				"INFOPLIST_KEY_UIApplicationSceneManifest_Generation[sdk=iphonesimulator*]" = YES;
				"INFOPLIST_KEY_UIApplicationSupportsIndirectInputEvents[sdk=iphoneos*]" = YES;
				"INFOPLIST_KEY_UIApplicationSupportsIndirectInputEvents[sdk=iphonesimulator*]" = YES;
				"INFOPLIST_KEY_UILaunchScreen_Generation[sdk=iphoneos*]" = YES;
				"INFOPLIST_KEY_UILaunchScreen_Generation[sdk=iphonesimulator*]" = YES;
				"INFOPLIST_KEY_UIStatusBarStyle[sdk=iphoneos*]" = UIStatusBarStyleDefault;
				"INFOPLIST_KEY_UIStatusBarStyle[sdk=iphonesimulator*]" = UIStatusBarStyleDefault;
				INFOPLIST_KEY_UISupportedInterfaceOrientations_iPad = "UIInterfaceOrientationPortrait UIInterfaceOrientationPortraitUpsideDown UIInterfaceOrientationLandscapeLeft UIInterfaceOrientationLandscapeRight";
				INFOPLIST_KEY_UISupportedInterfaceOrientations_iPhone = "UIInterfaceOrientationPortrait UIInterfaceOrientationLandscapeLeft UIInterfaceOrientationLandscapeRight";
				IPHONEOS_DEPLOYMENT_TARGET = 16.2;
				LD_RUNPATH_SEARCH_PATHS = "@executable_path/Frameworks";
				"LD_RUNPATH_SEARCH_PATHS[sdk=macosx*]" = "@executable_path/../Frameworks";
				MACOSX_DEPLOYMENT_TARGET = 13.1;
				MARKETING_VERSION = 0.1.2;
				PRODUCT_BUNDLE_IDENTIFIER = com.dukeholsing.dizzyDuck;
				PRODUCT_NAME = "$(TARGET_NAME)";
				SDKROOT = auto;
				SUPPORTED_PLATFORMS = "iphoneos iphonesimulator macosx";
				SWIFT_EMIT_LOC_STRINGS = YES;
				SWIFT_VERSION = 5.0;
				TARGETED_DEVICE_FAMILY = "1,2";
			};
			name = Release;
		};
		AB2298C029D5B73F008F71A2 /* Debug */ = {
			isa = XCBuildConfiguration;
			buildSettings = {
				ALWAYS_EMBED_SWIFT_STANDARD_LIBRARIES = YES;
				BUNDLE_LOADER = "$(TEST_HOST)";
				CODE_SIGN_STYLE = Automatic;
				CURRENT_PROJECT_VERSION = 1;
				DEAD_CODE_STRIPPING = YES;
				DEVELOPMENT_TEAM = 4N5T88HBZL;
				GENERATE_INFOPLIST_FILE = YES;
				IPHONEOS_DEPLOYMENT_TARGET = 16.2;
				MACOSX_DEPLOYMENT_TARGET = 13.1;
				MARKETING_VERSION = 1.0;
				PRODUCT_BUNDLE_IDENTIFIER = what.DuckTests;
				PRODUCT_NAME = "$(TARGET_NAME)";
				SDKROOT = auto;
				SUPPORTED_PLATFORMS = "iphoneos iphonesimulator macosx";
				SWIFT_EMIT_LOC_STRINGS = NO;
				SWIFT_VERSION = 5.0;
				TARGETED_DEVICE_FAMILY = "1,2";
				TEST_HOST = "$(BUILT_PRODUCTS_DIR)/Duck.app/$(BUNDLE_EXECUTABLE_FOLDER_PATH)/Duck";
			};
			name = Debug;
		};
		AB2298C129D5B73F008F71A2 /* Release */ = {
			isa = XCBuildConfiguration;
			buildSettings = {
				ALWAYS_EMBED_SWIFT_STANDARD_LIBRARIES = YES;
				BUNDLE_LOADER = "$(TEST_HOST)";
				CODE_SIGN_STYLE = Automatic;
				CURRENT_PROJECT_VERSION = 1;
				DEAD_CODE_STRIPPING = YES;
				DEVELOPMENT_TEAM = 4N5T88HBZL;
				GENERATE_INFOPLIST_FILE = YES;
				IPHONEOS_DEPLOYMENT_TARGET = 16.2;
				MACOSX_DEPLOYMENT_TARGET = 13.1;
				MARKETING_VERSION = 1.0;
				PRODUCT_BUNDLE_IDENTIFIER = what.DuckTests;
				PRODUCT_NAME = "$(TARGET_NAME)";
				SDKROOT = auto;
				SUPPORTED_PLATFORMS = "iphoneos iphonesimulator macosx";
				SWIFT_EMIT_LOC_STRINGS = NO;
				SWIFT_VERSION = 5.0;
				TARGETED_DEVICE_FAMILY = "1,2";
				TEST_HOST = "$(BUILT_PRODUCTS_DIR)/Duck.app/$(BUNDLE_EXECUTABLE_FOLDER_PATH)/Duck";
			};
			name = Release;
		};
		AB2298C329D5B73F008F71A2 /* Debug */ = {
			isa = XCBuildConfiguration;
			buildSettings = {
				ALWAYS_EMBED_SWIFT_STANDARD_LIBRARIES = YES;
				CODE_SIGN_STYLE = Automatic;
				CURRENT_PROJECT_VERSION = 1;
				DEAD_CODE_STRIPPING = YES;
				DEVELOPMENT_TEAM = 4N5T88HBZL;
				GENERATE_INFOPLIST_FILE = YES;
				IPHONEOS_DEPLOYMENT_TARGET = 16.2;
				MACOSX_DEPLOYMENT_TARGET = 13.1;
				MARKETING_VERSION = 1.0;
				PRODUCT_BUNDLE_IDENTIFIER = what.DuckUITests;
				PRODUCT_NAME = "$(TARGET_NAME)";
				SDKROOT = auto;
				SUPPORTED_PLATFORMS = "iphoneos iphonesimulator macosx";
				SWIFT_EMIT_LOC_STRINGS = NO;
				SWIFT_VERSION = 5.0;
				TARGETED_DEVICE_FAMILY = "1,2";
				TEST_TARGET_NAME = Duck;
			};
			name = Debug;
		};
		AB2298C429D5B73F008F71A2 /* Release */ = {
			isa = XCBuildConfiguration;
			buildSettings = {
				ALWAYS_EMBED_SWIFT_STANDARD_LIBRARIES = YES;
				CODE_SIGN_STYLE = Automatic;
				CURRENT_PROJECT_VERSION = 1;
				DEAD_CODE_STRIPPING = YES;
				DEVELOPMENT_TEAM = 4N5T88HBZL;
				GENERATE_INFOPLIST_FILE = YES;
				IPHONEOS_DEPLOYMENT_TARGET = 16.2;
				MACOSX_DEPLOYMENT_TARGET = 13.1;
				MARKETING_VERSION = 1.0;
				PRODUCT_BUNDLE_IDENTIFIER = what.DuckUITests;
				PRODUCT_NAME = "$(TARGET_NAME)";
				SDKROOT = auto;
				SUPPORTED_PLATFORMS = "iphoneos iphonesimulator macosx";
				SWIFT_EMIT_LOC_STRINGS = NO;
				SWIFT_VERSION = 5.0;
				TARGETED_DEVICE_FAMILY = "1,2";
				TEST_TARGET_NAME = Duck;
			};
			name = Release;
		};
		ABDB4C042A150DCB00CEFB5C /* Debug */ = {
			isa = XCBuildConfiguration;
			buildSettings = {
				CODE_SIGN_STYLE = Automatic;
				CURRENT_PROJECT_VERSION = 1;
				DEVELOPMENT_TEAM = 4N5T88HBZL;
				GENERATE_INFOPLIST_FILE = YES;
				INFOPLIST_FILE = "Dizzy Duck/Info.plist";
				INFOPLIST_KEY_CFBundleDisplayName = "Dizzy Duck";
				INFOPLIST_KEY_NSHumanReadableCopyright = "";
				LD_RUNPATH_SEARCH_PATHS = (
					"$(inherited)",
					"@executable_path/Frameworks",
					"@executable_path/../../Frameworks",
					"@executable_path/../../../../Frameworks",
				);
				MARKETING_VERSION = 1.0;
				PRODUCT_BUNDLE_IDENTIFIER = "Duke-Holsing.Dizzy-Duck";
				PRODUCT_NAME = "$(TARGET_NAME)";
				SDKROOT = watchos;
				SKIP_INSTALL = YES;
				SWIFT_EMIT_LOC_STRINGS = YES;
				SWIFT_VERSION = 5.0;
				TARGETED_DEVICE_FAMILY = 4;
				WATCHOS_DEPLOYMENT_TARGET = 9.4;
			};
			name = Debug;
		};
		ABDB4C052A150DCB00CEFB5C /* Release */ = {
			isa = XCBuildConfiguration;
			buildSettings = {
				CODE_SIGN_STYLE = Automatic;
				CURRENT_PROJECT_VERSION = 1;
				DEVELOPMENT_TEAM = 4N5T88HBZL;
				GENERATE_INFOPLIST_FILE = YES;
				INFOPLIST_FILE = "Dizzy Duck/Info.plist";
				INFOPLIST_KEY_CFBundleDisplayName = "Dizzy Duck";
				INFOPLIST_KEY_NSHumanReadableCopyright = "";
				LD_RUNPATH_SEARCH_PATHS = (
					"$(inherited)",
					"@executable_path/Frameworks",
					"@executable_path/../../Frameworks",
					"@executable_path/../../../../Frameworks",
				);
				MARKETING_VERSION = 1.0;
				PRODUCT_BUNDLE_IDENTIFIER = "Duke-Holsing.Dizzy-Duck";
				PRODUCT_NAME = "$(TARGET_NAME)";
				SDKROOT = watchos;
				SKIP_INSTALL = YES;
				SWIFT_EMIT_LOC_STRINGS = YES;
				SWIFT_VERSION = 5.0;
				TARGETED_DEVICE_FAMILY = 4;
				VALIDATE_PRODUCT = YES;
				WATCHOS_DEPLOYMENT_TARGET = 9.4;
			};
			name = Release;
		};
/* End XCBuildConfiguration section */

/* Begin XCConfigurationList section */
		AB22989229D5B73F008F71A2 /* Build configuration list for PBXProject "Duck" */ = {
			isa = XCConfigurationList;
			buildConfigurations = (
				AB2298BA29D5B73F008F71A2 /* Debug */,
				AB2298BB29D5B73F008F71A2 /* Release */,
			);
			defaultConfigurationIsVisible = 0;
			defaultConfigurationName = Release;
		};
		AB2298BC29D5B73F008F71A2 /* Build configuration list for PBXNativeTarget "Duck" */ = {
			isa = XCConfigurationList;
			buildConfigurations = (
				AB2298BD29D5B73F008F71A2 /* Debug */,
				AB2298BE29D5B73F008F71A2 /* Release */,
			);
			defaultConfigurationIsVisible = 0;
			defaultConfigurationName = Release;
		};
		AB2298BF29D5B73F008F71A2 /* Build configuration list for PBXNativeTarget "DuckTests" */ = {
			isa = XCConfigurationList;
			buildConfigurations = (
				AB2298C029D5B73F008F71A2 /* Debug */,
				AB2298C129D5B73F008F71A2 /* Release */,
			);
			defaultConfigurationIsVisible = 0;
			defaultConfigurationName = Release;
		};
		AB2298C229D5B73F008F71A2 /* Build configuration list for PBXNativeTarget "DuckUITests" */ = {
			isa = XCConfigurationList;
			buildConfigurations = (
				AB2298C329D5B73F008F71A2 /* Debug */,
				AB2298C429D5B73F008F71A2 /* Release */,
			);
			defaultConfigurationIsVisible = 0;
			defaultConfigurationName = Release;
		};
		ABDB4C062A150DCB00CEFB5C /* Build configuration list for PBXNativeTarget "Dizzy Duck" */ = {
			isa = XCConfigurationList;
			buildConfigurations = (
				ABDB4C042A150DCB00CEFB5C /* Debug */,
				ABDB4C052A150DCB00CEFB5C /* Release */,
			);
			defaultConfigurationIsVisible = 0;
			defaultConfigurationName = Release;
		};
/* End XCConfigurationList section */
	};
	rootObject = AB22988F29D5B73F008F71A2 /* Project object */;
}
